
Microsoft Visual Studio Solution File, Format Version 12.00
# Visual Studio 14
VisualStudioVersion = 14.0.25420.1
MinimumVisualStudioVersion = 10.0.40219.1
Project("{FAE04EC0-301F-11D3-BF4B-00C04F79EFBC}") = "RabbitMQMessageReceiver", "RabbitMQ\RabbitMQMessageReceiver.csproj", "{2347C793-E5AD-4D27-ACA7-5A03364AE2C2}"
EndProject
Project("{FAE04EC0-301F-11D3-BF4B-00C04F79EFBC}") = "EventPublisher", "EventPublisher\EventPublisher.csproj", "{0B0E0F38-8116-4499-BE56-388A324BE213}"
EndProject
Project("{FAE04EC0-301F-11D3-BF4B-00C04F79EFBC}") = "EventSubscriber", "EventSubscriber\EventSubscriber.csproj", "{20DC9ED8-A4B9-4F3D-A424-C8DA85502220}"
EndProject
Project("{FAE04EC0-301F-11D3-BF4B-00C04F79EFBC}") = "Test", "Test\Test.csproj", "{C2814050-3E16-4668-AD60-4FE890B1517B}"
EndProject
Global
	GlobalSection(SolutionConfigurationPlatforms) = preSolution
		Debug|Any CPU = Debug|Any CPU
		Release|Any CPU = Release|Any CPU
	EndGlobalSection
	GlobalSection(ProjectConfigurationPlatforms) = postSolution
		{2347C793-E5AD-4D27-ACA7-5A03364AE2C2}.Debug|Any CPU.ActiveCfg = Release|x86
		{2347C793-E5AD-4D27-ACA7-5A03364AE2C2}.Debug|Any CPU.Build.0 = Release|x86
		{2347C793-E5AD-4D27-ACA7-5A03364AE2C2}.Release|Any CPU.ActiveCfg = Release|Any CPU
		{2347C793-E5AD-4D27-ACA7-5A03364AE2C2}.Release|Any CPU.Build.0 = Release|Any CPU
		{0B0E0F38-8116-4499-BE56-388A324BE213}.Debug|Any CPU.ActiveCfg = Release|x86
		{0B0E0F38-8116-4499-BE56-388A324BE213}.Debug|Any CPU.Build.0 = Release|x86
		{0B0E0F38-8116-4499-BE56-388A324BE213}.Release|Any CPU.ActiveCfg = Release|Any CPU
		{0B0E0F38-8116-4499-BE56-388A324BE213}.Release|Any CPU.Build.0 = Release|Any CPU
		{20DC9ED8-A4B9-4F3D-A424-C8DA85502220}.Debug|Any CPU.ActiveCfg = Release|x86
		{20DC9ED8-A4B9-4F3D-A424-C8DA85502220}.Debug|Any CPU.Build.0 = Release|x86
		{20DC9ED8-A4B9-4F3D-A424-C8DA85502220}.Release|Any CPU.ActiveCfg = Release|Any CPU
		{20DC9ED8-A4B9-4F3D-A424-C8DA85502220}.Release|Any CPU.Build.0 = Release|Any CPU
		{C2814050-3E16-4668-AD60-4FE890B1517B}.Debug|Any CPU.ActiveCfg = Release|x86
		{C2814050-3E16-4668-AD60-4FE890B1517B}.Debug|Any CPU.Build.0 = Release|x86
		{C2814050-3E16-4668-AD60-4FE890B1517B}.Release|Any CPU.ActiveCfg = Release|Any CPU
		{C2814050-3E16-4668-AD60-4FE890B1517B}.Release|Any CPU.Build.0 = Release|Any CPU
	EndGlobalSection
	GlobalSection(SolutionProperties) = preSolution
		HideSolutionNode = FALSE
	EndGlobalSection
EndGlobal
